
Microsoft Visual Studio Solution File, Format Version 12.00
# Visual Studio 15
VisualStudioVersion = 15.0.27428.2027
MinimumVisualStudioVersion = 10.0.40219.1
Project("{FAE04EC0-301F-11D3-BF4B-00C04F79EFBC}") = "StartInstallTechAppCS", "StartInstallTechAppCS\StartInstallTechAppCS.csproj", "{C9468E2C-0FC5-4EFF-93F9-0CACB6C151A1}"
EndProject
Project("{FAE04EC0-301F-11D3-BF4B-00C04F79EFBC}") = "ThomasITServices_Library", "ThomasITServices_Library\ThomasITServices_Library.csproj", "{254AB4E1-21E7-4E08-B95E-5216C36B7971}"
EndProject
Global
	GlobalSection(SolutionConfigurationPlatforms) = preSolution
		Debug|Any CPU = Debug|Any CPU
		Release|Any CPU = Release|Any CPU
	EndGlobalSection
	GlobalSection(ProjectConfigurationPlatforms) = postSolution
		{C9468E2C-0FC5-4EFF-93F9-0CACB6C151A1}.Debug|Any CPU.ActiveCfg = Debug|Any CPU
		{C9468E2C-0FC5-4EFF-93F9-0CACB6C151A1}.Debug|Any CPU.Build.0 = Debug|Any CPU
		{C9468E2C-0FC5-4EFF-93F9-0CACB6C151A1}.Release|Any CPU.ActiveCfg = Release|Any CPU
		{C9468E2C-0FC5-4EFF-93F9-0CACB6C151A1}.Release|Any CPU.Build.0 = Release|Any CPU
		{254AB4E1-21E7-4E08-B95E-5216C36B7971}.Debug|Any CPU.ActiveCfg = Debug|Any CPU
		{254AB4E1-21E7-4E08-B95E-5216C36B7971}.Debug|Any CPU.Build.0 = Debug|Any CPU
		{254AB4E1-21E7-4E08-B95E-5216C36B7971}.Release|Any CPU.ActiveCfg = Release|Any CPU
		{254AB4E1-21E7-4E08-B95E-5216C36B7971}.Release|Any CPU.Build.0 = Release|Any CPU
	EndGlobalSection
	GlobalSection(SolutionProperties) = preSolution
		HideSolutionNode = FALSE
	EndGlobalSection
	GlobalSection(ExtensibilityGlobals) = postSolution
		SolutionGuid = {2484D8C8-8867-4CF8-B972-397D045F270B}
	EndGlobalSection
EndGlobal
